
Microsoft Visual Studio Solution File, Format Version 12.00
# Visual Studio Version 16
VisualStudioVersion = 16.0.30621.155
MinimumVisualStudioVersion = 10.0.40219.1
Project("{9A19103F-16F7-4668-BE54-9A1E7A4F7556}") = "UnitTestsForStacks", "UnitTestsForStacks\UnitTestsForStacks.csproj", "{4D094793-5970-4DA8-8F90-04380F4F5BE2}"
EndProject
Project("{9A19103F-16F7-4668-BE54-9A1E7A4F7556}") = "MyGenericStack", "MyGenericStack\MyGenericStack.csproj", "{870F886C-E704-44F8-BAB8-A6173CAFB402}"
EndProject
Project("{9A19103F-16F7-4668-BE54-9A1E7A4F7556}") = "MyTestForQueues", "MyTestForQueues\MyTestForQueues.csproj", "{B8997A0B-9CCC-43EB-84B9-A32CDF952F6F}"
EndProject
Project("{FAE04EC0-301F-11D3-BF4B-00C04F79EFBC}") = "MyGenericQueue", "Generic\MyGenericQueue.csproj", "{E88B661E-31CF-46BA-BF40-9DBBAEFD2746}"
EndProject
Global
	GlobalSection(SolutionConfigurationPlatforms) = preSolution
		Debug|Any CPU = Debug|Any CPU
		Release|Any CPU = Release|Any CPU
	EndGlobalSection
	GlobalSection(ProjectConfigurationPlatforms) = postSolution
		{4D094793-5970-4DA8-8F90-04380F4F5BE2}.Debug|Any CPU.ActiveCfg = Debug|Any CPU
		{4D094793-5970-4DA8-8F90-04380F4F5BE2}.Debug|Any CPU.Build.0 = Debug|Any CPU
		{4D094793-5970-4DA8-8F90-04380F4F5BE2}.Release|Any CPU.ActiveCfg = Release|Any CPU
		{4D094793-5970-4DA8-8F90-04380F4F5BE2}.Release|Any CPU.Build.0 = Release|Any CPU
		{870F886C-E704-44F8-BAB8-A6173CAFB402}.Debug|Any CPU.ActiveCfg = Debug|Any CPU
		{870F886C-E704-44F8-BAB8-A6173CAFB402}.Debug|Any CPU.Build.0 = Debug|Any CPU
		{870F886C-E704-44F8-BAB8-A6173CAFB402}.Release|Any CPU.ActiveCfg = Release|Any CPU
		{870F886C-E704-44F8-BAB8-A6173CAFB402}.Release|Any CPU.Build.0 = Release|Any CPU
		{B8997A0B-9CCC-43EB-84B9-A32CDF952F6F}.Debug|Any CPU.ActiveCfg = Debug|Any CPU
		{B8997A0B-9CCC-43EB-84B9-A32CDF952F6F}.Debug|Any CPU.Build.0 = Debug|Any CPU
		{B8997A0B-9CCC-43EB-84B9-A32CDF952F6F}.Release|Any CPU.ActiveCfg = Release|Any CPU
		{B8997A0B-9CCC-43EB-84B9-A32CDF952F6F}.Release|Any CPU.Build.0 = Release|Any CPU
		{E88B661E-31CF-46BA-BF40-9DBBAEFD2746}.Debug|Any CPU.ActiveCfg = Debug|Any CPU
		{E88B661E-31CF-46BA-BF40-9DBBAEFD2746}.Debug|Any CPU.Build.0 = Debug|Any CPU
		{E88B661E-31CF-46BA-BF40-9DBBAEFD2746}.Release|Any CPU.ActiveCfg = Release|Any CPU
		{E88B661E-31CF-46BA-BF40-9DBBAEFD2746}.Release|Any CPU.Build.0 = Release|Any CPU
	EndGlobalSection
	GlobalSection(SolutionProperties) = preSolution
		HideSolutionNode = FALSE
	EndGlobalSection
	GlobalSection(ExtensibilityGlobals) = postSolution
		SolutionGuid = {62DD9455-FAFA-4195-AFFA-6E2F7A35B8D6}
	EndGlobalSection
EndGlobal
