
Microsoft Visual Studio Solution File, Format Version 12.00
# Visual Studio Version 16
VisualStudioVersion = 16.0.30503.244
MinimumVisualStudioVersion = 10.0.40219.1
Project("{9A19103F-16F7-4668-BE54-9A1E7A4F7556}") = "Master Project", "Master Project Unit 3\Main Application\Master Project.csproj", "{BA0232A5-353A-4E88-B321-F51D5125A2EC}"
EndProject
Project("{9A19103F-16F7-4668-BE54-9A1E7A4F7556}") = "WPF_Application", "Master Project Unit 3\WPF_Application\WPF_Application.csproj", "{50724A5D-42EB-46C5-8505-3BB242DEE036}"
EndProject
Project("{9A19103F-16F7-4668-BE54-9A1E7A4F7556}") = "CoreLibrary", "CoreLibrary\CoreLibrary.csproj", "{F31684EE-F9E5-4957-A951-D1ED424F55E3}"
EndProject
Global
	GlobalSection(SolutionConfigurationPlatforms) = preSolution
		Debug|Any CPU = Debug|Any CPU
		Release|Any CPU = Release|Any CPU
	EndGlobalSection
	GlobalSection(ProjectConfigurationPlatforms) = postSolution
		{BA0232A5-353A-4E88-B321-F51D5125A2EC}.Debug|Any CPU.ActiveCfg = Debug|Any CPU
		{BA0232A5-353A-4E88-B321-F51D5125A2EC}.Debug|Any CPU.Build.0 = Debug|Any CPU
		{BA0232A5-353A-4E88-B321-F51D5125A2EC}.Release|Any CPU.ActiveCfg = Release|Any CPU
		{BA0232A5-353A-4E88-B321-F51D5125A2EC}.Release|Any CPU.Build.0 = Release|Any CPU
		{50724A5D-42EB-46C5-8505-3BB242DEE036}.Debug|Any CPU.ActiveCfg = Debug|Any CPU
		{50724A5D-42EB-46C5-8505-3BB242DEE036}.Debug|Any CPU.Build.0 = Debug|Any CPU
		{50724A5D-42EB-46C5-8505-3BB242DEE036}.Release|Any CPU.ActiveCfg = Release|Any CPU
		{50724A5D-42EB-46C5-8505-3BB242DEE036}.Release|Any CPU.Build.0 = Release|Any CPU
		{F31684EE-F9E5-4957-A951-D1ED424F55E3}.Debug|Any CPU.ActiveCfg = Debug|Any CPU
		{F31684EE-F9E5-4957-A951-D1ED424F55E3}.Debug|Any CPU.Build.0 = Debug|Any CPU
		{F31684EE-F9E5-4957-A951-D1ED424F55E3}.Release|Any CPU.ActiveCfg = Release|Any CPU
		{F31684EE-F9E5-4957-A951-D1ED424F55E3}.Release|Any CPU.Build.0 = Release|Any CPU
	EndGlobalSection
	GlobalSection(SolutionProperties) = preSolution
		HideSolutionNode = FALSE
	EndGlobalSection
	GlobalSection(ExtensibilityGlobals) = postSolution
		SolutionGuid = {14741700-7E03-4CC0-8A04-ED9A80AEF36A}
	EndGlobalSection
EndGlobal
