
Microsoft Visual Studio Solution File, Format Version 12.00
# Visual Studio Version 16
VisualStudioVersion = 16.0.30517.126
MinimumVisualStudioVersion = 10.0.40219.1
Project("{2150E333-8FDC-42A3-9474-1A3956D46DE8}") = "Solution Items", "Solution Items", "{99117823-1D15-49AC-9870-4E4B4C70F1D2}"
	ProjectSection(SolutionItems) = preProject
		Behaviors a Tic Tac Toe application should do.txt = Behaviors a Tic Tac Toe application should do.txt
	EndProjectSection
EndProject
Project("{9A19103F-16F7-4668-BE54-9A1E7A4F7556}") = "Presentation_Tier", "Presentation_Tier\Presentation_Tier.csproj", "{E1D4A9CA-2C27-4295-8465-0A6C06C250DC}"
EndProject
Project("{9A19103F-16F7-4668-BE54-9A1E7A4F7556}") = "Middle_Tier", "Middle_Tier\Middle_Tier.csproj", "{2CDAF95A-CF90-4B46-9256-462A94F5FAF3}"
EndProject
Project("{9A19103F-16F7-4668-BE54-9A1E7A4F7556}") = "TicTacToe_Interfaces", "TicTacToe_Interfaces\TicTacToe_Interfaces.csproj", "{5241CF06-DCA3-4A17-90B8-C42B1AE2235B}"
EndProject
Project("{9A19103F-16F7-4668-BE54-9A1E7A4F7556}") = "Middle_Tier_Tests", "Middle_Tier_Tests\Middle_Tier_Tests.csproj", "{E1D07A58-662E-4345-B2F5-ABCC1BCDD27E}"
EndProject
Project("{9A19103F-16F7-4668-BE54-9A1E7A4F7556}") = "ProfReynoldsUnitTests", "testsprof\ProfReynoldsUnitTests.csproj", "{CF2B5E10-8980-4FC8-BF31-34E803262298}"
EndProject
Project("{9A19103F-16F7-4668-BE54-9A1E7A4F7556}") = "CoreLibrary", "CoreLibrary\CoreLibrary.csproj", "{8A88649C-2B0C-466A-97F4-7955846639EF}"
EndProject
Project("{9A19103F-16F7-4668-BE54-9A1E7A4F7556}") = "CoreLibrary_Test", "CoreLibrary_Test\CoreLibrary_Test.csproj", "{61DB265B-3E14-444D-B56C-883E8BE08EBB}"
EndProject
Project("{FAE04EC0-301F-11D3-BF4B-00C04F79EFBC}") = "TicTacToeGraphics", "TicTacToeGraphics\TicTacToeGraphics.csproj", "{72B83F51-FB57-43E7-82B8-F5CBB6E580F7}"
EndProject
Global
	GlobalSection(SolutionConfigurationPlatforms) = preSolution
		Debug|Any CPU = Debug|Any CPU
		Release|Any CPU = Release|Any CPU
	EndGlobalSection
	GlobalSection(ProjectConfigurationPlatforms) = postSolution
		{E1D4A9CA-2C27-4295-8465-0A6C06C250DC}.Debug|Any CPU.ActiveCfg = Debug|Any CPU
		{E1D4A9CA-2C27-4295-8465-0A6C06C250DC}.Debug|Any CPU.Build.0 = Debug|Any CPU
		{E1D4A9CA-2C27-4295-8465-0A6C06C250DC}.Release|Any CPU.ActiveCfg = Release|Any CPU
		{E1D4A9CA-2C27-4295-8465-0A6C06C250DC}.Release|Any CPU.Build.0 = Release|Any CPU
		{2CDAF95A-CF90-4B46-9256-462A94F5FAF3}.Debug|Any CPU.ActiveCfg = Debug|Any CPU
		{2CDAF95A-CF90-4B46-9256-462A94F5FAF3}.Debug|Any CPU.Build.0 = Debug|Any CPU
		{2CDAF95A-CF90-4B46-9256-462A94F5FAF3}.Release|Any CPU.ActiveCfg = Release|Any CPU
		{2CDAF95A-CF90-4B46-9256-462A94F5FAF3}.Release|Any CPU.Build.0 = Release|Any CPU
		{5241CF06-DCA3-4A17-90B8-C42B1AE2235B}.Debug|Any CPU.ActiveCfg = Debug|Any CPU
		{5241CF06-DCA3-4A17-90B8-C42B1AE2235B}.Debug|Any CPU.Build.0 = Debug|Any CPU
		{5241CF06-DCA3-4A17-90B8-C42B1AE2235B}.Release|Any CPU.ActiveCfg = Release|Any CPU
		{5241CF06-DCA3-4A17-90B8-C42B1AE2235B}.Release|Any CPU.Build.0 = Release|Any CPU
		{E1D07A58-662E-4345-B2F5-ABCC1BCDD27E}.Debug|Any CPU.ActiveCfg = Debug|Any CPU
		{E1D07A58-662E-4345-B2F5-ABCC1BCDD27E}.Debug|Any CPU.Build.0 = Debug|Any CPU
		{E1D07A58-662E-4345-B2F5-ABCC1BCDD27E}.Release|Any CPU.ActiveCfg = Release|Any CPU
		{E1D07A58-662E-4345-B2F5-ABCC1BCDD27E}.Release|Any CPU.Build.0 = Release|Any CPU
		{CF2B5E10-8980-4FC8-BF31-34E803262298}.Debug|Any CPU.ActiveCfg = Debug|Any CPU
		{CF2B5E10-8980-4FC8-BF31-34E803262298}.Debug|Any CPU.Build.0 = Debug|Any CPU
		{CF2B5E10-8980-4FC8-BF31-34E803262298}.Release|Any CPU.ActiveCfg = Release|Any CPU
		{CF2B5E10-8980-4FC8-BF31-34E803262298}.Release|Any CPU.Build.0 = Release|Any CPU
		{8A88649C-2B0C-466A-97F4-7955846639EF}.Debug|Any CPU.ActiveCfg = Debug|Any CPU
		{8A88649C-2B0C-466A-97F4-7955846639EF}.Debug|Any CPU.Build.0 = Debug|Any CPU
		{8A88649C-2B0C-466A-97F4-7955846639EF}.Release|Any CPU.ActiveCfg = Release|Any CPU
		{8A88649C-2B0C-466A-97F4-7955846639EF}.Release|Any CPU.Build.0 = Release|Any CPU
		{61DB265B-3E14-444D-B56C-883E8BE08EBB}.Debug|Any CPU.ActiveCfg = Debug|Any CPU
		{61DB265B-3E14-444D-B56C-883E8BE08EBB}.Debug|Any CPU.Build.0 = Debug|Any CPU
		{61DB265B-3E14-444D-B56C-883E8BE08EBB}.Release|Any CPU.ActiveCfg = Release|Any CPU
		{61DB265B-3E14-444D-B56C-883E8BE08EBB}.Release|Any CPU.Build.0 = Release|Any CPU
		{72B83F51-FB57-43E7-82B8-F5CBB6E580F7}.Debug|Any CPU.ActiveCfg = Debug|Any CPU
		{72B83F51-FB57-43E7-82B8-F5CBB6E580F7}.Debug|Any CPU.Build.0 = Debug|Any CPU
		{72B83F51-FB57-43E7-82B8-F5CBB6E580F7}.Release|Any CPU.ActiveCfg = Release|Any CPU
		{72B83F51-FB57-43E7-82B8-F5CBB6E580F7}.Release|Any CPU.Build.0 = Release|Any CPU
	EndGlobalSection
	GlobalSection(SolutionProperties) = preSolution
		HideSolutionNode = FALSE
	EndGlobalSection
	GlobalSection(ExtensibilityGlobals) = postSolution
		SolutionGuid = {87F2325F-D076-4EF3-94EA-E12FA19119B0}
	EndGlobalSection
EndGlobal
