
Microsoft Visual Studio Solution File, Format Version 12.00
# Visual Studio Version 16
VisualStudioVersion = 16.0.30503.244
MinimumVisualStudioVersion = 10.0.40219.1
Project("{9A19103F-16F7-4668-BE54-9A1E7A4F7556}") = "WPF_Application", "WPF_Application\WPF_Application.csproj", "{AAC9968C-3E6E-4E70-84D3-F90CDD2DACD4}"
EndProject
Project("{9A19103F-16F7-4668-BE54-9A1E7A4F7556}") = "CoreLibrary", "CoreLibrary\CoreLibrary.csproj", "{C6A058D2-4E8B-4FDA-A5A5-227A32058387}"
EndProject
Project("{9A19103F-16F7-4668-BE54-9A1E7A4F7556}") = "CoreLibrary_Test", "CoreLibrary_Test\CoreLibrary_Test.csproj", "{87B856B9-FD4B-4E3A-9204-66C6939A1E4F}"
EndProject
Project("{9A19103F-16F7-4668-BE54-9A1E7A4F7556}") = "Master Project", "Main Application\Master Project.csproj", "{BC92A58E-CA4E-450B-B19C-48932389CE59}"
EndProject
Global
	GlobalSection(SolutionConfigurationPlatforms) = preSolution
		Debug|Any CPU = Debug|Any CPU
		Release|Any CPU = Release|Any CPU
	EndGlobalSection
	GlobalSection(ProjectConfigurationPlatforms) = postSolution
		{AAC9968C-3E6E-4E70-84D3-F90CDD2DACD4}.Debug|Any CPU.ActiveCfg = Debug|Any CPU
		{AAC9968C-3E6E-4E70-84D3-F90CDD2DACD4}.Debug|Any CPU.Build.0 = Debug|Any CPU
		{AAC9968C-3E6E-4E70-84D3-F90CDD2DACD4}.Release|Any CPU.ActiveCfg = Release|Any CPU
		{AAC9968C-3E6E-4E70-84D3-F90CDD2DACD4}.Release|Any CPU.Build.0 = Release|Any CPU
		{C6A058D2-4E8B-4FDA-A5A5-227A32058387}.Debug|Any CPU.ActiveCfg = Debug|Any CPU
		{C6A058D2-4E8B-4FDA-A5A5-227A32058387}.Debug|Any CPU.Build.0 = Debug|Any CPU
		{C6A058D2-4E8B-4FDA-A5A5-227A32058387}.Release|Any CPU.ActiveCfg = Release|Any CPU
		{C6A058D2-4E8B-4FDA-A5A5-227A32058387}.Release|Any CPU.Build.0 = Release|Any CPU
		{87B856B9-FD4B-4E3A-9204-66C6939A1E4F}.Debug|Any CPU.ActiveCfg = Debug|Any CPU
		{87B856B9-FD4B-4E3A-9204-66C6939A1E4F}.Debug|Any CPU.Build.0 = Debug|Any CPU
		{87B856B9-FD4B-4E3A-9204-66C6939A1E4F}.Release|Any CPU.ActiveCfg = Release|Any CPU
		{87B856B9-FD4B-4E3A-9204-66C6939A1E4F}.Release|Any CPU.Build.0 = Release|Any CPU
		{BC92A58E-CA4E-450B-B19C-48932389CE59}.Debug|Any CPU.ActiveCfg = Debug|Any CPU
		{BC92A58E-CA4E-450B-B19C-48932389CE59}.Debug|Any CPU.Build.0 = Debug|Any CPU
		{BC92A58E-CA4E-450B-B19C-48932389CE59}.Release|Any CPU.ActiveCfg = Release|Any CPU
		{BC92A58E-CA4E-450B-B19C-48932389CE59}.Release|Any CPU.Build.0 = Release|Any CPU
	EndGlobalSection
	GlobalSection(SolutionProperties) = preSolution
		HideSolutionNode = FALSE
	EndGlobalSection
	GlobalSection(ExtensibilityGlobals) = postSolution
		SolutionGuid = {14741700-7E03-4CC0-8A04-ED9A80AEF36A}
	EndGlobalSection
EndGlobal
