
Microsoft Visual Studio Solution File, Format Version 12.00
# Visual Studio Version 16
VisualStudioVersion = 16.0.30517.126
MinimumVisualStudioVersion = 10.0.40219.1
Project("{9A19103F-16F7-4668-BE54-9A1E7A4F7556}") = "CustomerAndInventory", "CustomerAndInventory\CustomerAndInventory.csproj", "{A64F9EFB-57F9-4558-AE3C-010629E570C2}"
EndProject
Project("{FAE04EC0-301F-11D3-BF4B-00C04F79EFBC}") = "CustomerAndInventory_Test", "CustomerAndInventory_Test\CustomerAndInventory_Test.csproj", "{8A2E6D73-A804-4152-BD41-E89270533259}"
EndProject
Global
	GlobalSection(SolutionConfigurationPlatforms) = preSolution
		Debug|Any CPU = Debug|Any CPU
		Release|Any CPU = Release|Any CPU
	EndGlobalSection
	GlobalSection(ProjectConfigurationPlatforms) = postSolution
		{A64F9EFB-57F9-4558-AE3C-010629E570C2}.Debug|Any CPU.ActiveCfg = Debug|Any CPU
		{A64F9EFB-57F9-4558-AE3C-010629E570C2}.Debug|Any CPU.Build.0 = Debug|Any CPU
		{A64F9EFB-57F9-4558-AE3C-010629E570C2}.Release|Any CPU.ActiveCfg = Release|Any CPU
		{A64F9EFB-57F9-4558-AE3C-010629E570C2}.Release|Any CPU.Build.0 = Release|Any CPU
		{8A2E6D73-A804-4152-BD41-E89270533259}.Debug|Any CPU.ActiveCfg = Debug|Any CPU
		{8A2E6D73-A804-4152-BD41-E89270533259}.Debug|Any CPU.Build.0 = Debug|Any CPU
		{8A2E6D73-A804-4152-BD41-E89270533259}.Release|Any CPU.ActiveCfg = Release|Any CPU
		{8A2E6D73-A804-4152-BD41-E89270533259}.Release|Any CPU.Build.0 = Release|Any CPU
	EndGlobalSection
	GlobalSection(SolutionProperties) = preSolution
		HideSolutionNode = FALSE
	EndGlobalSection
	GlobalSection(ExtensibilityGlobals) = postSolution
		SolutionGuid = {75275AEE-5148-4B06-9EB8-9B0492E94110}
	EndGlobalSection
EndGlobal
