
Microsoft Visual Studio Solution File, Format Version 12.00
# Visual Studio Version 16
VisualStudioVersion = 16.0.30517.126
MinimumVisualStudioVersion = 10.0.40219.1
Project("{9A19103F-16F7-4668-BE54-9A1E7A4F7556}") = "Project_1_ThreadTest", "Project_1_ThreadTest\Project_1_ThreadTest.csproj", "{76C95F88-39DD-47B8-94FF-3A19B9C9D5C7}"
EndProject
Project("{9A19103F-16F7-4668-BE54-9A1E7A4F7556}") = "Project_2_ThreadSafe", "Project_2_ThreadSafe\Project_2_ThreadSafe.csproj", "{3E1075BD-14F3-496F-8F8A-72C204CD848F}"
EndProject
Project("{FAE04EC0-301F-11D3-BF4B-00C04F79EFBC}") = "Project_3_Await", "Project_3_Await\Project_3_Await.csproj", "{A4D1C67B-27AC-44B7-B9CE-95E14E5BA7C7}"
EndProject
Global
	GlobalSection(SolutionConfigurationPlatforms) = preSolution
		Debug|Any CPU = Debug|Any CPU
		Release|Any CPU = Release|Any CPU
	EndGlobalSection
	GlobalSection(ProjectConfigurationPlatforms) = postSolution
		{76C95F88-39DD-47B8-94FF-3A19B9C9D5C7}.Debug|Any CPU.ActiveCfg = Debug|Any CPU
		{76C95F88-39DD-47B8-94FF-3A19B9C9D5C7}.Debug|Any CPU.Build.0 = Debug|Any CPU
		{76C95F88-39DD-47B8-94FF-3A19B9C9D5C7}.Release|Any CPU.ActiveCfg = Release|Any CPU
		{76C95F88-39DD-47B8-94FF-3A19B9C9D5C7}.Release|Any CPU.Build.0 = Release|Any CPU
		{3E1075BD-14F3-496F-8F8A-72C204CD848F}.Debug|Any CPU.ActiveCfg = Debug|Any CPU
		{3E1075BD-14F3-496F-8F8A-72C204CD848F}.Debug|Any CPU.Build.0 = Debug|Any CPU
		{3E1075BD-14F3-496F-8F8A-72C204CD848F}.Release|Any CPU.ActiveCfg = Release|Any CPU
		{3E1075BD-14F3-496F-8F8A-72C204CD848F}.Release|Any CPU.Build.0 = Release|Any CPU
		{A4D1C67B-27AC-44B7-B9CE-95E14E5BA7C7}.Debug|Any CPU.ActiveCfg = Debug|Any CPU
		{A4D1C67B-27AC-44B7-B9CE-95E14E5BA7C7}.Debug|Any CPU.Build.0 = Debug|Any CPU
		{A4D1C67B-27AC-44B7-B9CE-95E14E5BA7C7}.Release|Any CPU.ActiveCfg = Release|Any CPU
		{A4D1C67B-27AC-44B7-B9CE-95E14E5BA7C7}.Release|Any CPU.Build.0 = Release|Any CPU
	EndGlobalSection
	GlobalSection(SolutionProperties) = preSolution
		HideSolutionNode = FALSE
	EndGlobalSection
	GlobalSection(ExtensibilityGlobals) = postSolution
		SolutionGuid = {0160175F-2E44-4C34-BBE1-E4EA62C78019}
	EndGlobalSection
EndGlobal
