
Microsoft Visual Studio Solution File, Format Version 12.00
# Visual Studio Version 16
VisualStudioVersion = 16.0.30517.126
MinimumVisualStudioVersion = 10.0.40219.1
Project("{9A19103F-16F7-4668-BE54-9A1E7A4F7556}") = "Project_1_Winform", "Project_1_Winform\Project_1_Winform.csproj", "{8B1FDDEF-E4BF-48C2-8C6E-A01E123B666A}"
EndProject
Project("{778DAE3C-4631-46EA-AA77-85C1314464D9}") = "Project_2_VB_Console", "Project_2_VB_Console\Project_2_VB_Console.vbproj", "{5274311A-5E74-41E7-866B-2423FBF03DBD}"
EndProject
Project("{9A19103F-16F7-4668-BE54-9A1E7A4F7556}") = "Project_3_Consoleinput", "Project_3_Consoleinput\Project_3_Consoleinput.csproj", "{065C2BC8-D0D6-4A02-8E81-6F1C6A714176}"
EndProject
Global
	GlobalSection(SolutionConfigurationPlatforms) = preSolution
		Debug|Any CPU = Debug|Any CPU
		Release|Any CPU = Release|Any CPU
	EndGlobalSection
	GlobalSection(ProjectConfigurationPlatforms) = postSolution
		{8B1FDDEF-E4BF-48C2-8C6E-A01E123B666A}.Debug|Any CPU.ActiveCfg = Debug|Any CPU
		{8B1FDDEF-E4BF-48C2-8C6E-A01E123B666A}.Debug|Any CPU.Build.0 = Debug|Any CPU
		{8B1FDDEF-E4BF-48C2-8C6E-A01E123B666A}.Release|Any CPU.ActiveCfg = Release|Any CPU
		{8B1FDDEF-E4BF-48C2-8C6E-A01E123B666A}.Release|Any CPU.Build.0 = Release|Any CPU
		{5274311A-5E74-41E7-866B-2423FBF03DBD}.Debug|Any CPU.ActiveCfg = Debug|Any CPU
		{5274311A-5E74-41E7-866B-2423FBF03DBD}.Debug|Any CPU.Build.0 = Debug|Any CPU
		{5274311A-5E74-41E7-866B-2423FBF03DBD}.Release|Any CPU.ActiveCfg = Release|Any CPU
		{5274311A-5E74-41E7-866B-2423FBF03DBD}.Release|Any CPU.Build.0 = Release|Any CPU
		{065C2BC8-D0D6-4A02-8E81-6F1C6A714176}.Debug|Any CPU.ActiveCfg = Debug|Any CPU
		{065C2BC8-D0D6-4A02-8E81-6F1C6A714176}.Debug|Any CPU.Build.0 = Debug|Any CPU
		{065C2BC8-D0D6-4A02-8E81-6F1C6A714176}.Release|Any CPU.ActiveCfg = Release|Any CPU
		{065C2BC8-D0D6-4A02-8E81-6F1C6A714176}.Release|Any CPU.Build.0 = Release|Any CPU
	EndGlobalSection
	GlobalSection(SolutionProperties) = preSolution
		HideSolutionNode = FALSE
	EndGlobalSection
	GlobalSection(ExtensibilityGlobals) = postSolution
		SolutionGuid = {307E7831-FB4A-4E52-943C-20F6B2A00794}
	EndGlobalSection
EndGlobal
