
Microsoft Visual Studio Solution File, Format Version 12.00
# Visual Studio Version 16
VisualStudioVersion = 16.0.30517.126
MinimumVisualStudioVersion = 10.0.40219.1
Project("{FAE04EC0-301F-11D3-BF4B-00C04F79EFBC}") = "UI_Layer_CSharp", "UI_Layer_CSharp\UI_Layer_CSharp.csproj", "{CCFFECB7-6F09-41FE-97FF-349EA79BACA4}"
EndProject
Global
	GlobalSection(SolutionConfigurationPlatforms) = preSolution
		Debug|Any CPU = Debug|Any CPU
		Release|Any CPU = Release|Any CPU
	EndGlobalSection
	GlobalSection(ProjectConfigurationPlatforms) = postSolution
		{CCFFECB7-6F09-41FE-97FF-349EA79BACA4}.Debug|Any CPU.ActiveCfg = Debug|Any CPU
		{CCFFECB7-6F09-41FE-97FF-349EA79BACA4}.Debug|Any CPU.Build.0 = Debug|Any CPU
		{CCFFECB7-6F09-41FE-97FF-349EA79BACA4}.Release|Any CPU.ActiveCfg = Release|Any CPU
		{CCFFECB7-6F09-41FE-97FF-349EA79BACA4}.Release|Any CPU.Build.0 = Release|Any CPU
	EndGlobalSection
	GlobalSection(SolutionProperties) = preSolution
		HideSolutionNode = FALSE
	EndGlobalSection
	GlobalSection(ExtensibilityGlobals) = postSolution
		SolutionGuid = {36C64D31-82DD-4F06-8637-3A663CCC1D3E}
	EndGlobalSection
EndGlobal
